
Microsoft Visual Studio Solution File, Format Version 12.00
# Visual Studio 15
VisualStudioVersion = 15.0.27428.1
MinimumVisualStudioVersion = 10.0.40219.1
Project("{FAE04EC0-301F-11D3-BF4B-00C04F79EFBC}") = "Delos", "ServisDB\Delos.csproj", "{A13FE8A3-F1E2-4F1B-B410-DC1F842E509A}"
EndProject
Global
	GlobalSection(SolutionConfigurationPlatforms) = preSolution
		Debug|Any CPU = Debug|Any CPU
		Release|Any CPU = Release|Any CPU
	EndGlobalSection
	GlobalSection(ProjectConfigurationPlatforms) = postSolution
		{A13FE8A3-F1E2-4F1B-B410-DC1F842E509A}.Debug|Any CPU.ActiveCfg = Debug|Any CPU
		{A13FE8A3-F1E2-4F1B-B410-DC1F842E509A}.Debug|Any CPU.Build.0 = Debug|Any CPU
		{A13FE8A3-F1E2-4F1B-B410-DC1F842E509A}.Release|Any CPU.ActiveCfg = Release|Any CPU
		{A13FE8A3-F1E2-4F1B-B410-DC1F842E509A}.Release|Any CPU.Build.0 = Release|Any CPU
	EndGlobalSection
	GlobalSection(SolutionProperties) = preSolution
		HideSolutionNode = FALSE
	EndGlobalSection
	GlobalSection(ExtensibilityGlobals) = postSolution
		SolutionGuid = {5CEA3A8A-F280-4D64-A0FD-B39606F375A3}
	EndGlobalSection
EndGlobal
